{
  "name": "omnilipsi",
  "lockfileVersion": 3,
  "requires": true,
  "packages": {
    "": {
      "dependencies": {
        "ytdlp-nodejs": "^3.4.4"
      }
    },
    "node_modules/ytdlp-nodejs": {
      "version": "3.4.4",
      "resolved": "https://registry.npmjs.org/ytdlp-nodejs/-/ytdlp-nodejs-3.4.4.tgz",
      "integrity": "sha512-PR2nQOtyOzSuSQpWf6SHD97d6qlcfY2y6CVCeYnuDacYDc1YzNLXYiqAyIpFWk13UUrtQN+XD35h5DERli3SXQ==",
      "hasInstallScript": true,
      "license": "MIT",
      "bin": {
        "ytdlp": "dist/cli/index.js"
      },
      "engines": {
        "node": ">=16.0.0"
      }
    }
  }
}
